{
  "name": "nadya",
  "lockfileVersion": 2,
  "requires": true,
  "packages": {
    "": {
      "dependencies": {
        "@primer/primitives": "^7.4.1"
      }
    },
    "node_modules/@primer/primitives": {
      "version": "7.4.1",
      "resolved": "https://registry.npmjs.org/@primer/primitives/-/primitives-7.4.1.tgz",
      "integrity": "sha512-cos7zQ6tgTtbQzF1gymiuQPcccqkHpccQCaahMRdqHqJP7kiG9/lbq+u13UdrAFJ8iJEyORfHXKd+bwhQf4svw=="
    }
  },
  "dependencies": {
    "@primer/primitives": {
      "version": "7.4.1",
      "resolved": "https://registry.npmjs.org/@primer/primitives/-/primitives-7.4.1.tgz",
      "integrity": "sha512-cos7zQ6tgTtbQzF1gymiuQPcccqkHpccQCaahMRdqHqJP7kiG9/lbq+u13UdrAFJ8iJEyORfHXKd+bwhQf4svw=="
    }
  }
}
